// !$*UTF8*$!
{
	archiveVersion = 1;
	classes = {
	};
	objectVersion = 56;
	objects = {

/* Begin PBXBuildFile section */
		DFCA9E3428CA447D003713E6 /* MatchedGeometryEffectSUIApp.swift in Sources */ = {isa = PBXBuildFile; fileRef = DFCA9E3328CA447D003713E6 /* MatchedGeometryEffectSUIApp.swift */; };
		DFCA9E3628CA447D003713E6 /* SimpleGE.swift in Sources */ = {isa = PBXBuildFile; fileRef = DFCA9E3528CA447D003713E6 /* SimpleGE.swift */; };
		DFCA9E3828CA447E003713E6 /* Assets.xcassets in Resources */ = {isa = PBXBuildFile; fileRef = DFCA9E3728CA447E003713E6 /* Assets.xcassets */; };
		DFCA9E3B28CA447E003713E6 /* Preview Assets.xcassets in Resources */ = {isa = PBXBuildFile; fileRef = DFCA9E3A28CA447E003713E6 /* Preview Assets.xcassets */; };
		DFCA9E4228CA5A9B003713E6 /* PhotoView.swift in Sources */ = {isa = PBXBuildFile; fileRef = DFCA9E4128CA5A9B003713E6 /* PhotoView.swift */; };
		DFCA9E4428CA5EF6003713E6 /* ContentView.swift in Sources */ = {isa = PBXBuildFile; fileRef = DFCA9E4328CA5EF6003713E6 /* ContentView.swift */; };
/* End PBXBuildFile section */

/* Begin PBXFileReference section */
		DFCA9E3028CA447D003713E6 /* MatchedGeometryEffectSUI.app */ = {isa = PBXFileReference; explicitFileType = wrapper.application; includeInIndex = 0; path = MatchedGeometryEffectSUI.app; sourceTree = BUILT_PRODUCTS_DIR; };
		DFCA9E3328CA447D003713E6 /* MatchedGeometryEffectSUIApp.swift */ = {isa = PBXFileReference; lastKnownFileType = sourcecode.swift; path = MatchedGeometryEffectSUIApp.swift; sourceTree = "<group>"; };
		DFCA9E3528CA447D003713E6 /* SimpleGE.swift */ = {isa = PBXFileReference; lastKnownFileType = sourcecode.swift; path = SimpleGE.swift; sourceTree = "<group>"; };
		DFCA9E3728CA447E003713E6 /* Assets.xcassets */ = {isa = PBXFileReference; lastKnownFileType = folder.assetcatalog; path = Assets.xcassets; sourceTree = "<group>"; };
		DFCA9E3A28CA447E003713E6 /* Preview Assets.xcassets */ = {isa = PBXFileReference; lastKnownFileType = folder.assetcatalog; path = "Preview Assets.xcassets"; sourceTree = "<group>"; };
		DFCA9E4128CA5A9B003713E6 /* PhotoView.swift */ = {isa = PBXFileReference; lastKnownFileType = sourcecode.swift; path = PhotoView.swift; sourceTree = "<group>"; };
		DFCA9E4328CA5EF6003713E6 /* ContentView.swift */ = {isa = PBXFileReference; lastKnownFileType = sourcecode.swift; path = ContentView.swift; sourceTree = "<group>"; };
/* End PBXFileReference section */

/* Begin PBXFrameworksBuildPhase section */
		DFCA9E2D28CA447D003713E6 /* Frameworks */ = {
			isa = PBXFrameworksBuildPhase;
			buildActionMask = 2147483647;
			files = (
			);
			runOnlyForDeploymentPostprocessing = 0;
		};
/* End PBXFrameworksBuildPhase section */

/* Begin PBXGroup section */
		DFCA9E2728CA447D003713E6 = {
			isa = PBXGroup;
			children = (
				DFCA9E3228CA447D003713E6 /* MatchedGeometryEffectSUI */,
				DFCA9E3128CA447D003713E6 /* Products */,
			);
			sourceTree = "<group>";
		};
		DFCA9E3128CA447D003713E6 /* Products */ = {
			isa = PBXGroup;
			children = (
				DFCA9E3028CA447D003713E6 /* MatchedGeometryEffectSUI.app */,
			);
			name = Products;
			sourceTree = "<group>";
		};
		DFCA9E3228CA447D003713E6 /* MatchedGeometryEffectSUI */ = {
			isa = PBXGroup;
			children = (
				DFCA9E3928CA447E003713E6 /* Preview Content */,
				DFCA9E3728CA447E003713E6 /* Assets.xcassets */,
				DFCA9E3328CA447D003713E6 /* MatchedGeometryEffectSUIApp.swift */,
				DFCA9E3528CA447D003713E6 /* SimpleGE.swift */,
				DFCA9E4128CA5A9B003713E6 /* PhotoView.swift */,
				DFCA9E4328CA5EF6003713E6 /* ContentView.swift */,
			);
			path = MatchedGeometryEffectSUI;
			sourceTree = "<group>";
		};
		DFCA9E3928CA447E003713E6 /* Preview Content */ = {
			isa = PBXGroup;
			children = (
				DFCA9E3A28CA447E003713E6 /* Preview Assets.xcassets */,
			);
			path = "Preview Content";
			sourceTree = "<group>";
		};
/* End PBXGroup section */

/* Begin PBXNativeTarget section */
		DFCA9E2F28CA447D003713E6 /* MatchedGeometryEffectSUI */ = {
			isa = PBXNativeTarget;
			buildConfigurationList = DFCA9E3E28CA447E003713E6 /* Build configuration list for PBXNativeTarget "MatchedGeometryEffectSUI" */;
			buildPhases = (
				DFCA9E2C28CA447D003713E6 /* Sources */,
				DFCA9E2D28CA447D003713E6 /* Frameworks */,
				DFCA9E2E28CA447D003713E6 /* Resources */,
			);
			buildRules = (
			);
			dependencies = (
			);
			name = MatchedGeometryEffectSUI;
			productName = MatchedGeometryEffectSUI;
			productReference = DFCA9E3028CA447D003713E6 /* MatchedGeometryEffectSUI.app */;
			productType = "com.apple.product-type.application";
		};
/* End PBXNativeTarget section */

/* Begin PBXProject section */
		DFCA9E2828CA447D003713E6 /* Project object */ = {
			isa = PBXProject;
			attributes = {
				BuildIndependentTargetsInParallel = 1;
				LastSwiftUpdateCheck = 1400;
				LastUpgradeCheck = 1400;
				TargetAttributes = {
					DFCA9E2F28CA447D003713E6 = {
						CreatedOnToolsVersion = 14.0;
					};
				};
			};
			buildConfigurationList = DFCA9E2B28CA447D003713E6 /* Build configuration list for PBXProject "MatchedGeometryEffectSUI" */;
			compatibilityVersion = "Xcode 14.0";
			developmentRegion = en;
			hasScannedForEncodings = 0;
			knownRegions = (
				en,
				Base,
			);
			mainGroup = DFCA9E2728CA447D003713E6;
			productRefGroup = DFCA9E3128CA447D003713E6 /* Products */;
			projectDirPath = "";
			projectRoot = "";
			targets = (
				DFCA9E2F28CA447D003713E6 /* MatchedGeometryEffectSUI */,
			);
		};
/* End PBXProject section */

/* Begin PBXResourcesBuildPhase section */
		DFCA9E2E28CA447D003713E6 /* Resources */ = {
			isa = PBXResourcesBuildPhase;
			buildActionMask = 2147483647;
			files = (
				DFCA9E3B28CA447E003713E6 /* Preview Assets.xcassets in Resources */,
				DFCA9E3828CA447E003713E6 /* Assets.xcassets in Resources */,
			);
			runOnlyForDeploymentPostprocessing = 0;
		};
/* End PBXResourcesBuildPhase section */

/* Begin PBXSourcesBuildPhase section */
		DFCA9E2C28CA447D003713E6 /* Sources */ = {
			isa = PBXSourcesBuildPhase;
			buildActionMask = 2147483647;
			files = (
				DFCA9E3628CA447D003713E6 /* SimpleGE.swift in Sources */,
				DFCA9E3428CA447D003713E6 /* MatchedGeometryEffectSUIApp.swift in Sources */,
				DFCA9E4428CA5EF6003713E6 /* ContentView.swift in Sources */,
				DFCA9E4228CA5A9B003713E6 /* PhotoView.swift in Sources */,
			);
			runOnlyForDeploymentPostprocessing = 0;
		};
/* End PBXSourcesBuildPhase section */

/* Begin XCBuildConfiguration section */
		DFCA9E3C28CA447E003713E6 /* Debug */ = {
			isa = XCBuildConfiguration;
			buildSettings = {
				ALWAYS_SEARCH_USER_PATHS = NO;
				CLANG_ANALYZER_NONNULL = YES;
				CLANG_ANALYZER_NUMBER_OBJECT_CONVERSION = YES_AGGRESSIVE;
				CLANG_CXX_LANGUAGE_STANDARD = "gnu++20";
				CLANG_ENABLE_MODULES = YES;
				CLANG_ENABLE_OBJC_ARC = YES;
				CLANG_ENABLE_OBJC_WEAK = YES;
				CLANG_WARN_BLOCK_CAPTURE_AUTORELEASING = YES;
				CLANG_WARN_BOOL_CONVERSION = YES;
				CLANG_WARN_COMMA = YES;
				CLANG_WARN_CONSTANT_CONVERSION = YES;
				CLANG_WARN_DEPRECATED_OBJC_IMPLEMENTATIONS = YES;
				CLANG_WARN_DIRECT_OBJC_ISA_USAGE = YES_ERROR;
				CLANG_WARN_DOCUMENTATION_COMMENTS = YES;
				CLANG_WARN_EMPTY_BODY = YES;
				CLANG_WARN_ENUM_CONVERSION = YES;
				CLANG_WARN_INFINITE_RECURSION = YES;
				CLANG_WARN_INT_CONVERSION = YES;
				CLANG_WARN_NON_LITERAL_NULL_CONVERSION = YES;
				CLANG_WARN_OBJC_IMPLICIT_RETAIN_SELF = YES;
				CLANG_WARN_OBJC_LITERAL_CONVERSION = YES;
				CLANG_WARN_OBJC_ROOT_CLASS = YES_ERROR;
				CLANG_WARN_QUOTED_INCLUDE_IN_FRAMEWORK_HEADER = YES;
				CLANG_WARN_RANGE_LOOP_ANALYSIS = YES;
				CLANG_WARN_STRICT_PROTOTYPES = YES;
				CLANG_WARN_SUSPICIOUS_MOVE = YES;
				CLANG_WARN_UNGUARDED_AVAILABILITY = YES_AGGRESSIVE;
				CLANG_WARN_UNREACHABLE_CODE = YES;
				CLANG_WARN__DUPLICATE_METHOD_MATCH = YES;
				COPY_PHASE_STRIP = NO;
				DEBUG_INFORMATION_FORMAT = dwarf;
				ENABLE_STRICT_OBJC_MSGSEND = YES;
				ENABLE_TESTABILITY = YES;
				GCC_C_LANGUAGE_STANDARD = gnu11;
				GCC_DYNAMIC_NO_PIC = NO;
				GCC_NO_COMMON_BLOCKS = YES;
				GCC_OPTIMIZATION_LEVEL = 0;
				GCC_PREPROCESSOR_DEFINITIONS = (
					"DEBUG=1",
					"$(inherited)",
				);
				GCC_WARN_64_TO_32_BIT_CONVERSION = YES;
				GCC_WARN_ABOUT_RETURN_TYPE = YES_ERROR;
				GCC_WARN_UNDECLARED_SELECTOR = YES;
				GCC_WARN_UNINITIALIZED_AUTOS = YES_AGGRESSIVE;
				GCC_WARN_UNUSED_FUNCTION = YES;
				GCC_WARN_UNUSED_VARIABLE = YES;
				IPHONEOS_DEPLOYMENT_TARGET = 16.0;
				MTL_ENABLE_DEBUG_INFO = INCLUDE_SOURCE;
				MTL_FAST_MATH = YES;
				ONLY_ACTIVE_ARCH = YES;
				SDKROOT = iphoneos;
				SWIFT_ACTIVE_COMPILATION_CONDITIONS = DEBUG;
				SWIFT_OPTIMIZATION_LEVEL = "-Onone";
			};
			name = Debug;
		};
		DFCA9E3D28CA447E003713E6 /* Release */ = {
			isa = XCBuildConfiguration;
			buildSettings = {
				ALWAYS_SEARCH_USER_PATHS = NO;
				CLANG_ANALYZER_NONNULL = YES;
				CLANG_ANALYZER_NUMBER_OBJECT_CONVERSION = YES_AGGRESSIVE;
				CLANG_CXX_LANGUAGE_STANDARD = "gnu++20";
				CLANG_ENABLE_MODULES = YES;
				CLANG_ENABLE_OBJC_ARC = YES;
				CLANG_ENABLE_OBJC_WEAK = YES;
				CLANG_WARN_BLOCK_CAPTURE_AUTORELEASING = YES;
				CLANG_WARN_BOOL_CONVERSION = YES;
				CLANG_WARN_COMMA = YES;
				CLANG_WARN_CONSTANT_CONVERSION = YES;
				CLANG_WARN_DEPRECATED_OBJC_IMPLEMENTATIONS = YES;
				CLANG_WARN_DIRECT_OBJC_ISA_USAGE = YES_ERROR;
				CLANG_WARN_DOCUMENTATION_COMMENTS = YES;
				CLANG_WARN_EMPTY_BODY = YES;
				CLANG_WARN_ENUM_CONVERSION = YES;
				CLANG_WARN_INFINITE_RECURSION = YES;
				CLANG_WARN_INT_CONVERSION = YES;
				CLANG_WARN_NON_LITERAL_NULL_CONVERSION = YES;
				CLANG_WARN_OBJC_IMPLICIT_RETAIN_SELF = YES;
				CLANG_WARN_OBJC_LITERAL_CONVERSION = YES;
				CLANG_WARN_OBJC_ROOT_CLASS = YES_ERROR;
				CLANG_WARN_QUOTED_INCLUDE_IN_FRAMEWORK_HEADER = YES;
				CLANG_WARN_RANGE_LOOP_ANALYSIS = YES;
				CLANG_WARN_STRICT_PROTOTYPES = YES;
				CLANG_WARN_SUSPICIOUS_MOVE = YES;
				CLANG_WARN_UNGUARDED_AVAILABILITY = YES_AGGRESSIVE;
				CLANG_WARN_UNREACHABLE_CODE = YES;
				CLANG_WARN__DUPLICATE_METHOD_MATCH = YES;
				COPY_PHASE_STRIP = NO;
				DEBUG_INFORMATION_FORMAT = "dwarf-with-dsym";
				ENABLE_NS_ASSERTIONS = NO;
				ENABLE_STRICT_OBJC_MSGSEND = YES;
				GCC_C_LANGUAGE_STANDARD = gnu11;
				GCC_NO_COMMON_BLOCKS = YES;
				GCC_WARN_64_TO_32_BIT_CONVERSION = YES;
				GCC_WARN_ABOUT_RETURN_TYPE = YES_ERROR;
				GCC_WARN_UNDECLARED_SELECTOR = YES;
				GCC_WARN_UNINITIALIZED_AUTOS = YES_AGGRESSIVE;
				GCC_WARN_UNUSED_FUNCTION = YES;
				GCC_WARN_UNUSED_VARIABLE = YES;
				IPHONEOS_DEPLOYMENT_TARGET = 16.0;
				MTL_ENABLE_DEBUG_INFO = NO;
				MTL_FAST_MATH = YES;
				SDKROOT = iphoneos;
				SWIFT_COMPILATION_MODE = wholemodule;
				SWIFT_OPTIMIZATION_LEVEL = "-O";
				VALIDATE_PRODUCT = YES;
			};
			name = Release;
		};
		DFCA9E3F28CA447E003713E6 /* Debug */ = {
			isa = XCBuildConfiguration;
			buildSettings = {
				ASSETCATALOG_COMPILER_APPICON_NAME = AppIcon;
				ASSETCATALOG_COMPILER_GLOBAL_ACCENT_COLOR_NAME = AccentColor;
				CODE_SIGN_STYLE = Automatic;
				CURRENT_PROJECT_VERSION = 1;
				DEVELOPMENT_ASSET_PATHS = "\"MatchedGeometryEffectSUI/Preview Content\"";
				DEVELOPMENT_TEAM = 7Z2WHPKU8W;
				ENABLE_PREVIEWS = YES;
				GENERATE_INFOPLIST_FILE = YES;
				INFOPLIST_KEY_UIApplicationSceneManifest_Generation = YES;
				INFOPLIST_KEY_UIApplicationSupportsIndirectInputEvents = YES;
				INFOPLIST_KEY_UILaunchScreen_Generation = YES;
				INFOPLIST_KEY_UISupportedInterfaceOrientations_iPad = "UIInterfaceOrientationPortrait UIInterfaceOrientationPortraitUpsideDown UIInterfaceOrientationLandscapeLeft UIInterfaceOrientationLandscapeRight";
				INFOPLIST_KEY_UISupportedInterfaceOrientations_iPhone = "UIInterfaceOrientationPortrait UIInterfaceOrientationLandscapeLeft UIInterfaceOrientationLandscapeRight";
				LD_RUNPATH_SEARCH_PATHS = (
					"$(inherited)",
					"@executable_path/Frameworks",
				);
				MARKETING_VERSION = 1.0;
				PRODUCT_BUNDLE_IDENTIFIER = com.levochka.MatchedGeometryEffectSUI;
				PRODUCT_NAME = "$(TARGET_NAME)";
				SWIFT_EMIT_LOC_STRINGS = YES;
				SWIFT_VERSION = 5.0;
				TARGETED_DEVICE_FAMILY = "1,2";
			};
			name = Debug;
		};
		DFCA9E4028CA447E003713E6 /* Release */ = {
			isa = XCBuildConfiguration;
			buildSettings = {
				ASSETCATALOG_COMPILER_APPICON_NAME = AppIcon;
				ASSETCATALOG_COMPILER_GLOBAL_ACCENT_COLOR_NAME = AccentColor;
				CODE_SIGN_STYLE = Automatic;
				CURRENT_PROJECT_VERSION = 1;
				DEVELOPMENT_ASSET_PATHS = "\"MatchedGeometryEffectSUI/Preview Content\"";
				DEVELOPMENT_TEAM = 7Z2WHPKU8W;
				ENABLE_PREVIEWS = YES;
				GENERATE_INFOPLIST_FILE = YES;
				INFOPLIST_KEY_UIApplicationSceneManifest_Generation = YES;
				INFOPLIST_KEY_UIApplicationSupportsIndirectInputEvents = YES;
				INFOPLIST_KEY_UILaunchScreen_Generation = YES;
				INFOPLIST_KEY_UISupportedInterfaceOrientations_iPad = "UIInterfaceOrientationPortrait UIInterfaceOrientationPortraitUpsideDown UIInterfaceOrientationLandscapeLeft UIInterfaceOrientationLandscapeRight";
				INFOPLIST_KEY_UISupportedInterfaceOrientations_iPhone = "UIInterfaceOrientationPortrait UIInterfaceOrientationLandscapeLeft UIInterfaceOrientationLandscapeRight";
				LD_RUNPATH_SEARCH_PATHS = (
					"$(inherited)",
					"@executable_path/Frameworks",
				);
				MARKETING_VERSION = 1.0;
				PRODUCT_BUNDLE_IDENTIFIER = com.levochka.MatchedGeometryEffectSUI;
				PRODUCT_NAME = "$(TARGET_NAME)";
				SWIFT_EMIT_LOC_STRINGS = YES;
				SWIFT_VERSION = 5.0;
				TARGETED_DEVICE_FAMILY = "1,2";
			};
			name = Release;
		};
/* End XCBuildConfiguration section */

/* Begin XCConfigurationList section */
		DFCA9E2B28CA447D003713E6 /* Build configuration list for PBXProject "MatchedGeometryEffectSUI" */ = {
			isa = XCConfigurationList;
			buildConfigurations = (
				DFCA9E3C28CA447E003713E6 /* Debug */,
				DFCA9E3D28CA447E003713E6 /* Release */,
			);
			defaultConfigurationIsVisible = 0;
			defaultConfigurationName = Release;
		};
		DFCA9E3E28CA447E003713E6 /* Build configuration list for PBXNativeTarget "MatchedGeometryEffectSUI" */ = {
			isa = XCConfigurationList;
			buildConfigurations = (
				DFCA9E3F28CA447E003713E6 /* Debug */,
				DFCA9E4028CA447E003713E6 /* Release */,
			);
			defaultConfigurationIsVisible = 0;
			defaultConfigurationName = Release;
		};
/* End XCConfigurationList section */
	};
	rootObject = DFCA9E2828CA447D003713E6 /* Project object */;
}
